# THIS IS AN AUTOGENERATED FILE. DO NOT EDIT THIS FILE DIRECTLY.
# yarn lockfile v1


argparse@^2.0.1:
  version "2.0.1"
  resolved "http://npmreg.qa.91jkys.com/argparse/-/argparse-2.0.1.tgz#246f50f3ca78a3240f6c997e8a9bd1eac49e4b38"
  integrity sha1-JG9Q88p4oyQPbJl+ipvR6sSeSzg=

deepmerge@^1.5.2:
  version "1.5.2"
  resolved "http://npmreg.qa.91jkys.com/deepmerge/-/deepmerge-1.5.2.tgz#10499d868844cdad4fee0842df8c7f6f0c95a753"
  integrity sha1-EEmdhohEza1P7ghC34x/bwyVp1M=

entities@~2.0.0:
  version "2.0.3"
  resolved "http://npmreg.qa.91jkys.com/entities/-/entities-2.0.3.tgz#5c487e5742ab93c15abb5da22759b8590ec03b7f"
  integrity sha1-XEh+V0Krk8Fau12iJ1m4WQ7AO38=

highlight.js@^10.4.0:
  version "10.4.0"
  resolved "http://npmreg.qa.91jkys.com/highlight.js/-/highlight.js-10.4.0.tgz#ef3ce475e5dfa7a48484260b49ea242ddab823a0"
  integrity sha1-7zzkdeXfp6SEhCYLSeokLdq4I6A=

javascript-stringify@^1.6.0:
  version "1.6.0"
  resolved "http://npmreg.qa.91jkys.com/javascript-stringify/-/javascript-stringify-1.6.0.tgz#142d111f3a6e3dae8f4a9afd77d45855b5a9cce3"
  integrity sha1-FC0RHzpuPa6PSpr9d9RYVbWpzOM=

linkify-it@^3.0.1:
  version "3.0.2"
  resolved "http://npmreg.qa.91jkys.com/linkify-it/-/linkify-it-3.0.2.tgz#f55eeb8bc1d3ae754049e124ab3bb56d97797fb8"
  integrity sha1-9V7ri8HTrnVASeEkqzu1bZd5f7g=
  dependencies:
    uc.micro "^1.0.1"

markdown-it-anchor@^6.0.1:
  version "6.0.1"
  resolved "http://npmreg.qa.91jkys.com/markdown-it-anchor/-/markdown-it-anchor-6.0.1.tgz#f54b78757d0b61455faf8ced775b39498bd6d6f9"
  integrity sha1-9Ut4dX0LYUVfr4ztd1s5SYvW1vk=

markdown-it-chain@^1.3.0:
  version "1.3.0"
  resolved "http://npmreg.qa.91jkys.com/markdown-it-chain/-/markdown-it-chain-1.3.0.tgz#ccf6fe86c10266bafb4e547380dfd7f277cc17bc"
  integrity sha1-zPb+hsECZrr7TlRzgN/X8nfMF7w=
  dependencies:
    webpack-chain "^4.9.0"

markdown-it-container@^3.0.0:
  version "3.0.0"
  resolved "http://npmreg.qa.91jkys.com/markdown-it-container/-/markdown-it-container-3.0.0.tgz#1d19b06040a020f9a827577bb7dbf67aa5de9a5b"
  integrity sha1-HRmwYECgIPmoJ1d7t9v2eqXemls=

markdown-it@^12.0.2:
  version "12.0.2"
  resolved "http://npmreg.qa.91jkys.com/markdown-it/-/markdown-it-12.0.2.tgz#4401beae8df8aa2221fc6565a7188e60a06ef0ed"
  integrity sha1-RAG+ro34qiIh/GVlpxiOYKBu8O0=
  dependencies:
    argparse "^2.0.1"
    entities "~2.0.0"
    linkify-it "^3.0.1"
    mdurl "^1.0.1"
    uc.micro "^1.0.5"

mdurl@^1.0.1:
  version "1.0.1"
  resolved "http://npmreg.qa.91jkys.com/mdurl/-/mdurl-1.0.1.tgz#fe85b2ec75a59037f2adfec100fd6c601761152e"
  integrity sha1-/oWy7HWlkDfyrf7BAP1sYBdhFS4=

uc.micro@^1.0.1, uc.micro@^1.0.5:
  version "1.0.6"
  resolved "http://npmreg.qa.91jkys.com/uc.micro/-/uc.micro-1.0.6.tgz#9c411a802a409a91fc6cf74081baba34b24499ac"
  integrity sha1-nEEagCpAmpH8bPdAgbq6NLJEmaw=

webpack-chain@^4.9.0:
  version "4.12.1"
  resolved "http://npmreg.qa.91jkys.com/webpack-chain/-/webpack-chain-4.12.1.tgz#6c8439bbb2ab550952d60e1ea9319141906c02a6"
  integrity sha1-bIQ5u7KrVQlS1g4eqTGRQZBsAqY=
  dependencies:
    deepmerge "^1.5.2"
    javascript-stringify "^1.6.0"
